// !$*UTF8*$!
{
	archiveVersion = 1;
	classes = {
	};
	objectVersion = 55;
	objects = {

/* Begin PBXBuildFile section */
		8632D310297E1AA300F0CD08 /* ZMMainTableView.m in Sources */ = {isa = PBXBuildFile; fileRef = 8632D30F297E1AA300F0CD08 /* ZMMainTableView.m */; };
		86F6C85C297B793600AAC010 /* AppDelegate.m in Sources */ = {isa = PBXBuildFile; fileRef = 86F6C85B297B793600AAC010 /* AppDelegate.m */; };
		86F6C85F297B793600AAC010 /* SceneDelegate.m in Sources */ = {isa = PBXBuildFile; fileRef = 86F6C85E297B793600AAC010 /* SceneDelegate.m */; };
		86F6C865297B793600AAC010 /* Main.storyboard in Resources */ = {isa = PBXBuildFile; fileRef = 86F6C863297B793600AAC010 /* Main.storyboard */; };
		86F6C867297B793600AAC010 /* Assets.xcassets in Resources */ = {isa = PBXBuildFile; fileRef = 86F6C866297B793600AAC010 /* Assets.xcassets */; };
		86F6C86A297B793600AAC010 /* LaunchScreen.storyboard in Resources */ = {isa = PBXBuildFile; fileRef = 86F6C868297B793600AAC010 /* LaunchScreen.storyboard */; };
		86F6C86D297B793600AAC010 /* main.m in Sources */ = {isa = PBXBuildFile; fileRef = 86F6C86C297B793600AAC010 /* main.m */; };
		86F6C877297B798700AAC010 /* ViewController.m in Sources */ = {isa = PBXBuildFile; fileRef = 86F6C874297B798700AAC010 /* ViewController.m */; };
		86F6C878297B798700AAC010 /* ZMTitleView.m in Sources */ = {isa = PBXBuildFile; fileRef = 86F6C875297B798700AAC010 /* ZMTitleView.m */; };
		86F6C87B297B885600AAC010 /* ZMPageView.m in Sources */ = {isa = PBXBuildFile; fileRef = 86F6C87A297B885600AAC010 /* ZMPageView.m */; };
		86F6C87E297CC77000AAC010 /* SubViewController.m in Sources */ = {isa = PBXBuildFile; fileRef = 86F6C87D297CC77000AAC010 /* SubViewController.m */; };
/* End PBXBuildFile section */

/* Begin PBXFileReference section */
		8632D30E297E1AA300F0CD08 /* ZMMainTableView.h */ = {isa = PBXFileReference; lastKnownFileType = sourcecode.c.h; path = ZMMainTableView.h; sourceTree = "<group>"; };
		8632D30F297E1AA300F0CD08 /* ZMMainTableView.m */ = {isa = PBXFileReference; lastKnownFileType = sourcecode.c.objc; path = ZMMainTableView.m; sourceTree = "<group>"; };
		86F6C857297B793600AAC010 /* ZMTitleView.app */ = {isa = PBXFileReference; explicitFileType = wrapper.application; includeInIndex = 0; path = ZMTitleView.app; sourceTree = BUILT_PRODUCTS_DIR; };
		86F6C85A297B793600AAC010 /* AppDelegate.h */ = {isa = PBXFileReference; lastKnownFileType = sourcecode.c.h; path = AppDelegate.h; sourceTree = "<group>"; };
		86F6C85B297B793600AAC010 /* AppDelegate.m */ = {isa = PBXFileReference; lastKnownFileType = sourcecode.c.objc; path = AppDelegate.m; sourceTree = "<group>"; };
		86F6C85D297B793600AAC010 /* SceneDelegate.h */ = {isa = PBXFileReference; lastKnownFileType = sourcecode.c.h; path = SceneDelegate.h; sourceTree = "<group>"; };
		86F6C85E297B793600AAC010 /* SceneDelegate.m */ = {isa = PBXFileReference; lastKnownFileType = sourcecode.c.objc; path = SceneDelegate.m; sourceTree = "<group>"; };
		86F6C864297B793600AAC010 /* Base */ = {isa = PBXFileReference; lastKnownFileType = file.storyboard; name = Base; path = Base.lproj/Main.storyboard; sourceTree = "<group>"; };
		86F6C866297B793600AAC010 /* Assets.xcassets */ = {isa = PBXFileReference; lastKnownFileType = folder.assetcatalog; path = Assets.xcassets; sourceTree = "<group>"; };
		86F6C869297B793600AAC010 /* Base */ = {isa = PBXFileReference; lastKnownFileType = file.storyboard; name = Base; path = Base.lproj/LaunchScreen.storyboard; sourceTree = "<group>"; };
		86F6C86B297B793600AAC010 /* Info.plist */ = {isa = PBXFileReference; lastKnownFileType = text.plist.xml; path = Info.plist; sourceTree = "<group>"; };
		86F6C86C297B793600AAC010 /* main.m */ = {isa = PBXFileReference; lastKnownFileType = sourcecode.c.objc; path = main.m; sourceTree = "<group>"; };
		86F6C873297B798700AAC010 /* ZMTitleView.h */ = {isa = PBXFileReference; fileEncoding = 4; lastKnownFileType = sourcecode.c.h; path = ZMTitleView.h; sourceTree = "<group>"; };
		86F6C874297B798700AAC010 /* ViewController.m */ = {isa = PBXFileReference; fileEncoding = 4; lastKnownFileType = sourcecode.c.objc; path = ViewController.m; sourceTree = "<group>"; };
		86F6C875297B798700AAC010 /* ZMTitleView.m */ = {isa = PBXFileReference; fileEncoding = 4; lastKnownFileType = sourcecode.c.objc; path = ZMTitleView.m; sourceTree = "<group>"; };
		86F6C876297B798700AAC010 /* ViewController.h */ = {isa = PBXFileReference; fileEncoding = 4; lastKnownFileType = sourcecode.c.h; path = ViewController.h; sourceTree = "<group>"; };
		86F6C879297B885600AAC010 /* ZMPageView.h */ = {isa = PBXFileReference; lastKnownFileType = sourcecode.c.h; path = ZMPageView.h; sourceTree = "<group>"; };
		86F6C87A297B885600AAC010 /* ZMPageView.m */ = {isa = PBXFileReference; lastKnownFileType = sourcecode.c.objc; path = ZMPageView.m; sourceTree = "<group>"; };
		86F6C87C297CC77000AAC010 /* SubViewController.h */ = {isa = PBXFileReference; lastKnownFileType = sourcecode.c.h; path = SubViewController.h; sourceTree = "<group>"; };
		86F6C87D297CC77000AAC010 /* SubViewController.m */ = {isa = PBXFileReference; lastKnownFileType = sourcecode.c.objc; path = SubViewController.m; sourceTree = "<group>"; };
/* End PBXFileReference section */

/* Begin PBXFrameworksBuildPhase section */
		86F6C854297B793600AAC010 /* Frameworks */ = {
			isa = PBXFrameworksBuildPhase;
			buildActionMask = 2147483647;
			files = (
			);
			runOnlyForDeploymentPostprocessing = 0;
		};
/* End PBXFrameworksBuildPhase section */

/* Begin PBXGroup section */
		8632D31129800F6000F0CD08 /* PageView */ = {
			isa = PBXGroup;
			children = (
				86F6C873297B798700AAC010 /* ZMTitleView.h */,
				86F6C875297B798700AAC010 /* ZMTitleView.m */,
				8632D30E297E1AA300F0CD08 /* ZMMainTableView.h */,
				8632D30F297E1AA300F0CD08 /* ZMMainTableView.m */,
				86F6C879297B885600AAC010 /* ZMPageView.h */,
				86F6C87A297B885600AAC010 /* ZMPageView.m */,
				86F6C87C297CC77000AAC010 /* SubViewController.h */,
				86F6C87D297CC77000AAC010 /* SubViewController.m */,
			);
			path = PageView;
			sourceTree = "<group>";
		};
		86F6C84E297B793600AAC010 = {
			isa = PBXGroup;
			children = (
				86F6C859297B793600AAC010 /* ZMTitleView */,
				86F6C858297B793600AAC010 /* Products */,
			);
			sourceTree = "<group>";
		};
		86F6C858297B793600AAC010 /* Products */ = {
			isa = PBXGroup;
			children = (
				86F6C857297B793600AAC010 /* ZMTitleView.app */,
			);
			name = Products;
			sourceTree = "<group>";
		};
		86F6C859297B793600AAC010 /* ZMTitleView */ = {
			isa = PBXGroup;
			children = (
				8632D31129800F6000F0CD08 /* PageView */,
				86F6C876297B798700AAC010 /* ViewController.h */,
				86F6C874297B798700AAC010 /* ViewController.m */,
				86F6C85A297B793600AAC010 /* AppDelegate.h */,
				86F6C85B297B793600AAC010 /* AppDelegate.m */,
				86F6C85D297B793600AAC010 /* SceneDelegate.h */,
				86F6C85E297B793600AAC010 /* SceneDelegate.m */,
				86F6C863297B793600AAC010 /* Main.storyboard */,
				86F6C866297B793600AAC010 /* Assets.xcassets */,
				86F6C868297B793600AAC010 /* LaunchScreen.storyboard */,
				86F6C86B297B793600AAC010 /* Info.plist */,
				86F6C86C297B793600AAC010 /* main.m */,
			);
			path = ZMTitleView;
			sourceTree = "<group>";
		};
/* End PBXGroup section */

/* Begin PBXNativeTarget section */
		86F6C856297B793600AAC010 /* ZMTitleView */ = {
			isa = PBXNativeTarget;
			buildConfigurationList = 86F6C870297B793600AAC010 /* Build configuration list for PBXNativeTarget "ZMTitleView" */;
			buildPhases = (
				86F6C853297B793600AAC010 /* Sources */,
				86F6C854297B793600AAC010 /* Frameworks */,
				86F6C855297B793600AAC010 /* Resources */,
			);
			buildRules = (
			);
			dependencies = (
			);
			name = ZMTitleView;
			productName = ZMTitleView;
			productReference = 86F6C857297B793600AAC010 /* ZMTitleView.app */;
			productType = "com.apple.product-type.application";
		};
/* End PBXNativeTarget section */

/* Begin PBXProject section */
		86F6C84F297B793600AAC010 /* Project object */ = {
			isa = PBXProject;
			attributes = {
				BuildIndependentTargetsInParallel = 1;
				LastUpgradeCheck = 1340;
				TargetAttributes = {
					86F6C856297B793600AAC010 = {
						CreatedOnToolsVersion = 13.4.1;
					};
				};
			};
			buildConfigurationList = 86F6C852297B793600AAC010 /* Build configuration list for PBXProject "ZMTitleView" */;
			compatibilityVersion = "Xcode 13.0";
			developmentRegion = en;
			hasScannedForEncodings = 0;
			knownRegions = (
				en,
				Base,
			);
			mainGroup = 86F6C84E297B793600AAC010;
			productRefGroup = 86F6C858297B793600AAC010 /* Products */;
			projectDirPath = "";
			projectRoot = "";
			targets = (
				86F6C856297B793600AAC010 /* ZMTitleView */,
			);
		};
/* End PBXProject section */

/* Begin PBXResourcesBuildPhase section */
		86F6C855297B793600AAC010 /* Resources */ = {
			isa = PBXResourcesBuildPhase;
			buildActionMask = 2147483647;
			files = (
				86F6C86A297B793600AAC010 /* LaunchScreen.storyboard in Resources */,
				86F6C867297B793600AAC010 /* Assets.xcassets in Resources */,
				86F6C865297B793600AAC010 /* Main.storyboard in Resources */,
			);
			runOnlyForDeploymentPostprocessing = 0;
		};
/* End PBXResourcesBuildPhase section */

/* Begin PBXSourcesBuildPhase section */
		86F6C853297B793600AAC010 /* Sources */ = {
			isa = PBXSourcesBuildPhase;
			buildActionMask = 2147483647;
			files = (
				86F6C87B297B885600AAC010 /* ZMPageView.m in Sources */,
				86F6C85C297B793600AAC010 /* AppDelegate.m in Sources */,
				86F6C878297B798700AAC010 /* ZMTitleView.m in Sources */,
				8632D310297E1AA300F0CD08 /* ZMMainTableView.m in Sources */,
				86F6C86D297B793600AAC010 /* main.m in Sources */,
				86F6C87E297CC77000AAC010 /* SubViewController.m in Sources */,
				86F6C877297B798700AAC010 /* ViewController.m in Sources */,
				86F6C85F297B793600AAC010 /* SceneDelegate.m in Sources */,
			);
			runOnlyForDeploymentPostprocessing = 0;
		};
/* End PBXSourcesBuildPhase section */

/* Begin PBXVariantGroup section */
		86F6C863297B793600AAC010 /* Main.storyboard */ = {
			isa = PBXVariantGroup;
			children = (
				86F6C864297B793600AAC010 /* Base */,
			);
			name = Main.storyboard;
			sourceTree = "<group>";
		};
		86F6C868297B793600AAC010 /* LaunchScreen.storyboard */ = {
			isa = PBXVariantGroup;
			children = (
				86F6C869297B793600AAC010 /* Base */,
			);
			name = LaunchScreen.storyboard;
			sourceTree = "<group>";
		};
/* End PBXVariantGroup section */

/* Begin XCBuildConfiguration section */
		86F6C86E297B793600AAC010 /* Debug */ = {
			isa = XCBuildConfiguration;
			buildSettings = {
				ALWAYS_SEARCH_USER_PATHS = NO;
				CLANG_ANALYZER_NONNULL = YES;
				CLANG_ANALYZER_NUMBER_OBJECT_CONVERSION = YES_AGGRESSIVE;
				CLANG_CXX_LANGUAGE_STANDARD = "gnu++17";
				CLANG_ENABLE_MODULES = YES;
				CLANG_ENABLE_OBJC_ARC = YES;
				CLANG_ENABLE_OBJC_WEAK = YES;
				CLANG_WARN_BLOCK_CAPTURE_AUTORELEASING = YES;
				CLANG_WARN_BOOL_CONVERSION = YES;
				CLANG_WARN_COMMA = YES;
				CLANG_WARN_CONSTANT_CONVERSION = YES;
				CLANG_WARN_DEPRECATED_OBJC_IMPLEMENTATIONS = YES;
				CLANG_WARN_DIRECT_OBJC_ISA_USAGE = YES_ERROR;
				CLANG_WARN_DOCUMENTATION_COMMENTS = YES;
				CLANG_WARN_EMPTY_BODY = YES;
				CLANG_WARN_ENUM_CONVERSION = YES;
				CLANG_WARN_INFINITE_RECURSION = YES;
				CLANG_WARN_INT_CONVERSION = YES;
				CLANG_WARN_NON_LITERAL_NULL_CONVERSION = YES;
				CLANG_WARN_OBJC_IMPLICIT_RETAIN_SELF = YES;
				CLANG_WARN_OBJC_LITERAL_CONVERSION = YES;
				CLANG_WARN_OBJC_ROOT_CLASS = YES_ERROR;
				CLANG_WARN_QUOTED_INCLUDE_IN_FRAMEWORK_HEADER = YES;
				CLANG_WARN_RANGE_LOOP_ANALYSIS = YES;
				CLANG_WARN_STRICT_PROTOTYPES = YES;
				CLANG_WARN_SUSPICIOUS_MOVE = YES;
				CLANG_WARN_UNGUARDED_AVAILABILITY = YES_AGGRESSIVE;
				CLANG_WARN_UNREACHABLE_CODE = YES;
				CLANG_WARN__DUPLICATE_METHOD_MATCH = YES;
				COPY_PHASE_STRIP = NO;
				DEBUG_INFORMATION_FORMAT = dwarf;
				ENABLE_STRICT_OBJC_MSGSEND = YES;
				ENABLE_TESTABILITY = YES;
				GCC_C_LANGUAGE_STANDARD = gnu11;
				GCC_DYNAMIC_NO_PIC = NO;
				GCC_NO_COMMON_BLOCKS = YES;
				GCC_OPTIMIZATION_LEVEL = 0;
				GCC_PREPROCESSOR_DEFINITIONS = (
					"DEBUG=1",
					"$(inherited)",
				);
				GCC_WARN_64_TO_32_BIT_CONVERSION = YES;
				GCC_WARN_ABOUT_RETURN_TYPE = YES_ERROR;
				GCC_WARN_UNDECLARED_SELECTOR = YES;
				GCC_WARN_UNINITIALIZED_AUTOS = YES_AGGRESSIVE;
				GCC_WARN_UNUSED_FUNCTION = YES;
				GCC_WARN_UNUSED_VARIABLE = YES;
				IPHONEOS_DEPLOYMENT_TARGET = 15.5;
				MTL_ENABLE_DEBUG_INFO = INCLUDE_SOURCE;
				MTL_FAST_MATH = YES;
				ONLY_ACTIVE_ARCH = YES;
				SDKROOT = iphoneos;
			};
			name = Debug;
		};
		86F6C86F297B793600AAC010 /* Release */ = {
			isa = XCBuildConfiguration;
			buildSettings = {
				ALWAYS_SEARCH_USER_PATHS = NO;
				CLANG_ANALYZER_NONNULL = YES;
				CLANG_ANALYZER_NUMBER_OBJECT_CONVERSION = YES_AGGRESSIVE;
				CLANG_CXX_LANGUAGE_STANDARD = "gnu++17";
				CLANG_ENABLE_MODULES = YES;
				CLANG_ENABLE_OBJC_ARC = YES;
				CLANG_ENABLE_OBJC_WEAK = YES;
				CLANG_WARN_BLOCK_CAPTURE_AUTORELEASING = YES;
				CLANG_WARN_BOOL_CONVERSION = YES;
				CLANG_WARN_COMMA = YES;
				CLANG_WARN_CONSTANT_CONVERSION = YES;
				CLANG_WARN_DEPRECATED_OBJC_IMPLEMENTATIONS = YES;
				CLANG_WARN_DIRECT_OBJC_ISA_USAGE = YES_ERROR;
				CLANG_WARN_DOCUMENTATION_COMMENTS = YES;
				CLANG_WARN_EMPTY_BODY = YES;
				CLANG_WARN_ENUM_CONVERSION = YES;
				CLANG_WARN_INFINITE_RECURSION = YES;
				CLANG_WARN_INT_CONVERSION = YES;
				CLANG_WARN_NON_LITERAL_NULL_CONVERSION = YES;
				CLANG_WARN_OBJC_IMPLICIT_RETAIN_SELF = YES;
				CLANG_WARN_OBJC_LITERAL_CONVERSION = YES;
				CLANG_WARN_OBJC_ROOT_CLASS = YES_ERROR;
				CLANG_WARN_QUOTED_INCLUDE_IN_FRAMEWORK_HEADER = YES;
				CLANG_WARN_RANGE_LOOP_ANALYSIS = YES;
				CLANG_WARN_STRICT_PROTOTYPES = YES;
				CLANG_WARN_SUSPICIOUS_MOVE = YES;
				CLANG_WARN_UNGUARDED_AVAILABILITY = YES_AGGRESSIVE;
				CLANG_WARN_UNREACHABLE_CODE = YES;
				CLANG_WARN__DUPLICATE_METHOD_MATCH = YES;
				COPY_PHASE_STRIP = NO;
				DEBUG_INFORMATION_FORMAT = "dwarf-with-dsym";
				ENABLE_NS_ASSERTIONS = NO;
				ENABLE_STRICT_OBJC_MSGSEND = YES;
				GCC_C_LANGUAGE_STANDARD = gnu11;
				GCC_NO_COMMON_BLOCKS = YES;
				GCC_WARN_64_TO_32_BIT_CONVERSION = YES;
				GCC_WARN_ABOUT_RETURN_TYPE = YES_ERROR;
				GCC_WARN_UNDECLARED_SELECTOR = YES;
				GCC_WARN_UNINITIALIZED_AUTOS = YES_AGGRESSIVE;
				GCC_WARN_UNUSED_FUNCTION = YES;
				GCC_WARN_UNUSED_VARIABLE = YES;
				IPHONEOS_DEPLOYMENT_TARGET = 15.5;
				MTL_ENABLE_DEBUG_INFO = NO;
				MTL_FAST_MATH = YES;
				SDKROOT = iphoneos;
				VALIDATE_PRODUCT = YES;
			};
			name = Release;
		};
		86F6C871297B793600AAC010 /* Debug */ = {
			isa = XCBuildConfiguration;
			buildSettings = {
				ASSETCATALOG_COMPILER_APPICON_NAME = AppIcon;
				ASSETCATALOG_COMPILER_GLOBAL_ACCENT_COLOR_NAME = AccentColor;
				CODE_SIGN_STYLE = Automatic;
				CURRENT_PROJECT_VERSION = 1;
				DEVELOPMENT_TEAM = L637P2D758;
				GENERATE_INFOPLIST_FILE = YES;
				INFOPLIST_FILE = ZMTitleView/Info.plist;
				INFOPLIST_KEY_UIApplicationSupportsIndirectInputEvents = YES;
				INFOPLIST_KEY_UILaunchStoryboardName = LaunchScreen;
				INFOPLIST_KEY_UIMainStoryboardFile = Main;
				INFOPLIST_KEY_UISupportedInterfaceOrientations_iPad = "UIInterfaceOrientationPortrait UIInterfaceOrientationPortraitUpsideDown UIInterfaceOrientationLandscapeLeft UIInterfaceOrientationLandscapeRight";
				INFOPLIST_KEY_UISupportedInterfaceOrientations_iPhone = "UIInterfaceOrientationPortrait UIInterfaceOrientationLandscapeLeft UIInterfaceOrientationLandscapeRight";
				LD_RUNPATH_SEARCH_PATHS = (
					"$(inherited)",
					"@executable_path/Frameworks",
				);
				MARKETING_VERSION = 1.0;
				PRODUCT_BUNDLE_IDENTIFIER = com.xm.ZMTitleView;
				PRODUCT_NAME = "$(TARGET_NAME)";
				SWIFT_EMIT_LOC_STRINGS = YES;
				TARGETED_DEVICE_FAMILY = "1,2";
			};
			name = Debug;
		};
		86F6C872297B793600AAC010 /* Release */ = {
			isa = XCBuildConfiguration;
			buildSettings = {
				ASSETCATALOG_COMPILER_APPICON_NAME = AppIcon;
				ASSETCATALOG_COMPILER_GLOBAL_ACCENT_COLOR_NAME = AccentColor;
				CODE_SIGN_STYLE = Automatic;
				CURRENT_PROJECT_VERSION = 1;
				DEVELOPMENT_TEAM = L637P2D758;
				GENERATE_INFOPLIST_FILE = YES;
				INFOPLIST_FILE = ZMTitleView/Info.plist;
				INFOPLIST_KEY_UIApplicationSupportsIndirectInputEvents = YES;
				INFOPLIST_KEY_UILaunchStoryboardName = LaunchScreen;
				INFOPLIST_KEY_UIMainStoryboardFile = Main;
				INFOPLIST_KEY_UISupportedInterfaceOrientations_iPad = "UIInterfaceOrientationPortrait UIInterfaceOrientationPortraitUpsideDown UIInterfaceOrientationLandscapeLeft UIInterfaceOrientationLandscapeRight";
				INFOPLIST_KEY_UISupportedInterfaceOrientations_iPhone = "UIInterfaceOrientationPortrait UIInterfaceOrientationLandscapeLeft UIInterfaceOrientationLandscapeRight";
				LD_RUNPATH_SEARCH_PATHS = (
					"$(inherited)",
					"@executable_path/Frameworks",
				);
				MARKETING_VERSION = 1.0;
				PRODUCT_BUNDLE_IDENTIFIER = com.xm.ZMTitleView;
				PRODUCT_NAME = "$(TARGET_NAME)";
				SWIFT_EMIT_LOC_STRINGS = YES;
				TARGETED_DEVICE_FAMILY = "1,2";
			};
			name = Release;
		};
/* End XCBuildConfiguration section */

/* Begin XCConfigurationList section */
		86F6C852297B793600AAC010 /* Build configuration list for PBXProject "ZMTitleView" */ = {
			isa = XCConfigurationList;
			buildConfigurations = (
				86F6C86E297B793600AAC010 /* Debug */,
				86F6C86F297B793600AAC010 /* Release */,
			);
			defaultConfigurationIsVisible = 0;
			defaultConfigurationName = Release;
		};
		86F6C870297B793600AAC010 /* Build configuration list for PBXNativeTarget "ZMTitleView" */ = {
			isa = XCConfigurationList;
			buildConfigurations = (
				86F6C871297B793600AAC010 /* Debug */,
				86F6C872297B793600AAC010 /* Release */,
			);
			defaultConfigurationIsVisible = 0;
			defaultConfigurationName = Release;
		};
/* End XCConfigurationList section */
	};
	rootObject = 86F6C84F297B793600AAC010 /* Project object */;
}
